# This file is automatically @generated by Cargo.
# It is not intended for manual editing.
[[package]]
name = "chaffin"
version = "0.1.0"
dependencies = [
 "lehmer 3.0.0 (registry+https://github.com/rust-lang/crates.io-index)",
]

[[package]]
name = "lehmer"
version = "3.0.0"
source = "registry+https://github.com/rust-lang/crates.io-index"

[metadata]
"checksum lehmer 3.0.0 (registry+https://github.com/rust-lang/crates.io-index)" = "c29164f65bbe114cfeb654fda98e29d9852aac8dc41edbbf74140ba089c3d98a"
